// !$*UTF8*$!
{
	archiveVersion = 1;
	classes = {
	};
	objectVersion = 46;
	objects = {

/* Begin PBXBuildFile section */
		CD85F6031EA9B67F0056DDF3 /* main.m in Sources */ = {isa = PBXBuildFile; fileRef = CD85F6021EA9B67F0056DDF3 /* main.m */; };
		CD85F6061EA9B67F0056DDF3 /* AppDelegate.m in Sources */ = {isa = PBXBuildFile; fileRef = CD85F6051EA9B67F0056DDF3 /* AppDelegate.m */; };
		CD85F6091EA9B6800056DDF3 /* ViewController.m in Sources */ = {isa = PBXBuildFile; fileRef = CD85F6081EA9B6800056DDF3 /* ViewController.m */; };
		CD85F60C1EA9B6800056DDF3 /* Main.storyboard in Resources */ = {isa = PBXBuildFile; fileRef = CD85F60A1EA9B6800056DDF3 /* Main.storyboard */; };
		CD85F60E1EA9B6800056DDF3 /* Assets.xcassets in Resources */ = {isa = PBXBuildFile; fileRef = CD85F60D1EA9B6800056DDF3 /* Assets.xcassets */; };
		CD85F6111EA9B6800056DDF3 /* LaunchScreen.storyboard in Resources */ = {isa = PBXBuildFile; fileRef = CD85F60F1EA9B6800056DDF3 /* LaunchScreen.storyboard */; };
		CD85F61C1EA9B6810056DDF3 /* LYG_UsefulFragments_iOSTests.m in Sources */ = {isa = PBXBuildFile; fileRef = CD85F61B1EA9B6810056DDF3 /* LYG_UsefulFragments_iOSTests.m */; };
		CD85F6271EA9B6810056DDF3 /* LYG_UsefulFragments_iOSUITests.m in Sources */ = {isa = PBXBuildFile; fileRef = CD85F6261EA9B6810056DDF3 /* LYG_UsefulFragments_iOSUITests.m */; };
		CD85F6371EA9E3E20056DDF3 /* usefulFrag.plist in Resources */ = {isa = PBXBuildFile; fileRef = CD85F6361EA9E3E20056DDF3 /* usefulFrag.plist */; };
		CD85F63E1EA9F2720056DDF3 /* Model.m in Sources */ = {isa = PBXBuildFile; fileRef = CD85F63D1EA9F2720056DDF3 /* Model.m */; };
		CD85F6431EA9F8290056DDF3 /* hitTestViewController.m in Sources */ = {isa = PBXBuildFile; fileRef = CD85F6421EA9F8290056DDF3 /* hitTestViewController.m */; };
		CD85F6491EA9F89F0056DDF3 /* ExpandHittableButton.m in Sources */ = {isa = PBXBuildFile; fileRef = CD85F6461EA9F89F0056DDF3 /* ExpandHittableButton.m */; };
		CD85F64A1EA9F89F0056DDF3 /* ExpandHittableView.m in Sources */ = {isa = PBXBuildFile; fileRef = CD85F6481EA9F89F0056DDF3 /* ExpandHittableView.m */; };
/* End PBXBuildFile section */

/* Begin PBXContainerItemProxy section */
		CD85F6181EA9B6810056DDF3 /* PBXContainerItemProxy */ = {
			isa = PBXContainerItemProxy;
			containerPortal = CD85F5F61EA9B67D0056DDF3 /* Project object */;
			proxyType = 1;
			remoteGlobalIDString = CD85F5FD1EA9B67E0056DDF3;
			remoteInfo = LYG_UsefulFragments_iOS;
		};
		CD85F6231EA9B6810056DDF3 /* PBXContainerItemProxy */ = {
			isa = PBXContainerItemProxy;
			containerPortal = CD85F5F61EA9B67D0056DDF3 /* Project object */;
			proxyType = 1;
			remoteGlobalIDString = CD85F5FD1EA9B67E0056DDF3;
			remoteInfo = LYG_UsefulFragments_iOS;
		};
/* End PBXContainerItemProxy section */

/* Begin PBXFileReference section */
		CD85F5FE1EA9B67E0056DDF3 /* LYG_UsefulFragments_iOS.app */ = {isa = PBXFileReference; explicitFileType = wrapper.application; includeInIndex = 0; path = LYG_UsefulFragments_iOS.app; sourceTree = BUILT_PRODUCTS_DIR; };
		CD85F6021EA9B67F0056DDF3 /* main.m */ = {isa = PBXFileReference; lastKnownFileType = sourcecode.c.objc; path = main.m; sourceTree = "<group>"; };
		CD85F6041EA9B67F0056DDF3 /* AppDelegate.h */ = {isa = PBXFileReference; lastKnownFileType = sourcecode.c.h; name = AppDelegate.h; path = ../AppDelegate.h; sourceTree = "<group>"; };
		CD85F6051EA9B67F0056DDF3 /* AppDelegate.m */ = {isa = PBXFileReference; lastKnownFileType = sourcecode.c.objc; name = AppDelegate.m; path = ../AppDelegate.m; sourceTree = "<group>"; };
		CD85F6071EA9B67F0056DDF3 /* ViewController.h */ = {isa = PBXFileReference; lastKnownFileType = sourcecode.c.h; path = ViewController.h; sourceTree = "<group>"; };
		CD85F6081EA9B6800056DDF3 /* ViewController.m */ = {isa = PBXFileReference; lastKnownFileType = sourcecode.c.objc; path = ViewController.m; sourceTree = "<group>"; };
		CD85F60B1EA9B6800056DDF3 /* Base */ = {isa = PBXFileReference; lastKnownFileType = file.storyboard; name = Base; path = Base.lproj/Main.storyboard; sourceTree = "<group>"; };
		CD85F60D1EA9B6800056DDF3 /* Assets.xcassets */ = {isa = PBXFileReference; lastKnownFileType = folder.assetcatalog; name = Assets.xcassets; path = ../Assets.xcassets; sourceTree = "<group>"; };
		CD85F6101EA9B6800056DDF3 /* Base */ = {isa = PBXFileReference; lastKnownFileType = file.storyboard; name = Base; path = Base.lproj/LaunchScreen.storyboard; sourceTree = "<group>"; };
		CD85F6121EA9B6800056DDF3 /* Info.plist */ = {isa = PBXFileReference; lastKnownFileType = text.plist.xml; name = Info.plist; path = ../Info.plist; sourceTree = "<group>"; };
		CD85F6171EA9B6810056DDF3 /* LYG_UsefulFragments_iOSTests.xctest */ = {isa = PBXFileReference; explicitFileType = wrapper.cfbundle; includeInIndex = 0; path = LYG_UsefulFragments_iOSTests.xctest; sourceTree = BUILT_PRODUCTS_DIR; };
		CD85F61B1EA9B6810056DDF3 /* LYG_UsefulFragments_iOSTests.m */ = {isa = PBXFileReference; lastKnownFileType = sourcecode.c.objc; path = LYG_UsefulFragments_iOSTests.m; sourceTree = "<group>"; };
		CD85F61D1EA9B6810056DDF3 /* Info.plist */ = {isa = PBXFileReference; lastKnownFileType = text.plist.xml; path = Info.plist; sourceTree = "<group>"; };
		CD85F6221EA9B6810056DDF3 /* LYG_UsefulFragments_iOSUITests.xctest */ = {isa = PBXFileReference; explicitFileType = wrapper.cfbundle; includeInIndex = 0; path = LYG_UsefulFragments_iOSUITests.xctest; sourceTree = BUILT_PRODUCTS_DIR; };
		CD85F6261EA9B6810056DDF3 /* LYG_UsefulFragments_iOSUITests.m */ = {isa = PBXFileReference; lastKnownFileType = sourcecode.c.objc; path = LYG_UsefulFragments_iOSUITests.m; sourceTree = "<group>"; };
		CD85F6281EA9B6820056DDF3 /* Info.plist */ = {isa = PBXFileReference; lastKnownFileType = text.plist.xml; path = Info.plist; sourceTree = "<group>"; };
		CD85F6361EA9E3E20056DDF3 /* usefulFrag.plist */ = {isa = PBXFileReference; fileEncoding = 4; lastKnownFileType = text.plist.xml; path = usefulFrag.plist; sourceTree = "<group>"; };
		CD85F63C1EA9F2720056DDF3 /* Model.h */ = {isa = PBXFileReference; fileEncoding = 4; lastKnownFileType = sourcecode.c.h; path = Model.h; sourceTree = "<group>"; };
		CD85F63D1EA9F2720056DDF3 /* Model.m */ = {isa = PBXFileReference; fileEncoding = 4; lastKnownFileType = sourcecode.c.objc; path = Model.m; sourceTree = "<group>"; };
		CD85F6411EA9F8290056DDF3 /* hitTestViewController.h */ = {isa = PBXFileReference; fileEncoding = 4; lastKnownFileType = sourcecode.c.h; path = hitTestViewController.h; sourceTree = "<group>"; };
		CD85F6421EA9F8290056DDF3 /* hitTestViewController.m */ = {isa = PBXFileReference; fileEncoding = 4; lastKnownFileType = sourcecode.c.objc; path = hitTestViewController.m; sourceTree = "<group>"; };
		CD85F6451EA9F89F0056DDF3 /* ExpandHittableButton.h */ = {isa = PBXFileReference; fileEncoding = 4; lastKnownFileType = sourcecode.c.h; path = ExpandHittableButton.h; sourceTree = "<group>"; };
		CD85F6461EA9F89F0056DDF3 /* ExpandHittableButton.m */ = {isa = PBXFileReference; fileEncoding = 4; lastKnownFileType = sourcecode.c.objc; path = ExpandHittableButton.m; sourceTree = "<group>"; };
		CD85F6471EA9F89F0056DDF3 /* ExpandHittableView.h */ = {isa = PBXFileReference; fileEncoding = 4; lastKnownFileType = sourcecode.c.h; path = ExpandHittableView.h; sourceTree = "<group>"; };
		CD85F6481EA9F89F0056DDF3 /* ExpandHittableView.m */ = {isa = PBXFileReference; fileEncoding = 4; lastKnownFileType = sourcecode.c.objc; path = ExpandHittableView.m; sourceTree = "<group>"; };
/* End PBXFileReference section */

/* Begin PBXFrameworksBuildPhase section */
		CD85F5FB1EA9B67E0056DDF3 /* Frameworks */ = {
			isa = PBXFrameworksBuildPhase;
			buildActionMask = 2147483647;
			files = (
			);
			runOnlyForDeploymentPostprocessing = 0;
		};
		CD85F6141EA9B6810056DDF3 /* Frameworks */ = {
			isa = PBXFrameworksBuildPhase;
			buildActionMask = 2147483647;
			files = (
			);
			runOnlyForDeploymentPostprocessing = 0;
		};
		CD85F61F1EA9B6810056DDF3 /* Frameworks */ = {
			isa = PBXFrameworksBuildPhase;
			buildActionMask = 2147483647;
			files = (
			);
			runOnlyForDeploymentPostprocessing = 0;
		};
/* End PBXFrameworksBuildPhase section */

/* Begin PBXGroup section */
		CD85F5F51EA9B67D0056DDF3 = {
			isa = PBXGroup;
			children = (
				CD85F6001EA9B67E0056DDF3 /* LYG_UsefulFragments_iOS */,
				CD85F61A1EA9B6810056DDF3 /* LYG_UsefulFragments_iOSTests */,
				CD85F6251EA9B6810056DDF3 /* LYG_UsefulFragments_iOSUITests */,
				CD85F5FF1EA9B67E0056DDF3 /* Products */,
			);
			sourceTree = "<group>";
		};
		CD85F5FF1EA9B67E0056DDF3 /* Products */ = {
			isa = PBXGroup;
			children = (
				CD85F5FE1EA9B67E0056DDF3 /* LYG_UsefulFragments_iOS.app */,
				CD85F6171EA9B6810056DDF3 /* LYG_UsefulFragments_iOSTests.xctest */,
				CD85F6221EA9B6810056DDF3 /* LYG_UsefulFragments_iOSUITests.xctest */,
			);
			name = Products;
			sourceTree = "<group>";
		};
		CD85F6001EA9B67E0056DDF3 /* LYG_UsefulFragments_iOS */ = {
			isa = PBXGroup;
			children = (
				CD85F63F1EA9F7580056DDF3 /* Controller */,
				CD85F63B1EA9F1BF0056DDF3 /* Model */,
				CD85F6341EA9E3300056DDF3 /* Application */,
				CD85F6351EA9E3300056DDF3 /* Resource */,
				CD85F6071EA9B67F0056DDF3 /* ViewController.h */,
				CD85F6081EA9B6800056DDF3 /* ViewController.m */,
			);
			path = LYG_UsefulFragments_iOS;
			sourceTree = "<group>";
		};
		CD85F6011EA9B67F0056DDF3 /* Supporting Files */ = {
			isa = PBXGroup;
			children = (
				CD85F6021EA9B67F0056DDF3 /* main.m */,
			);
			name = "Supporting Files";
			path = ..;
			sourceTree = "<group>";
		};
		CD85F61A1EA9B6810056DDF3 /* LYG_UsefulFragments_iOSTests */ = {
			isa = PBXGroup;
			children = (
				CD85F61B1EA9B6810056DDF3 /* LYG_UsefulFragments_iOSTests.m */,
				CD85F61D1EA9B6810056DDF3 /* Info.plist */,
			);
			path = LYG_UsefulFragments_iOSTests;
			sourceTree = "<group>";
		};
		CD85F6251EA9B6810056DDF3 /* LYG_UsefulFragments_iOSUITests */ = {
			isa = PBXGroup;
			children = (
				CD85F6261EA9B6810056DDF3 /* LYG_UsefulFragments_iOSUITests.m */,
				CD85F6281EA9B6820056DDF3 /* Info.plist */,
			);
			path = LYG_UsefulFragments_iOSUITests;
			sourceTree = "<group>";
		};
		CD85F6341EA9E3300056DDF3 /* Application */ = {
			isa = PBXGroup;
			children = (
				CD85F6041EA9B67F0056DDF3 /* AppDelegate.h */,
				CD85F6051EA9B67F0056DDF3 /* AppDelegate.m */,
				CD85F60A1EA9B6800056DDF3 /* Main.storyboard */,
				CD85F6121EA9B6800056DDF3 /* Info.plist */,
				CD85F60F1EA9B6800056DDF3 /* LaunchScreen.storyboard */,
				CD85F6011EA9B67F0056DDF3 /* Supporting Files */,
			);
			path = Application;
			sourceTree = "<group>";
		};
		CD85F6351EA9E3300056DDF3 /* Resource */ = {
			isa = PBXGroup;
			children = (
				CD85F60D1EA9B6800056DDF3 /* Assets.xcassets */,
				CD85F6361EA9E3E20056DDF3 /* usefulFrag.plist */,
			);
			path = Resource;
			sourceTree = "<group>";
		};
		CD85F63B1EA9F1BF0056DDF3 /* Model */ = {
			isa = PBXGroup;
			children = (
				CD85F63C1EA9F2720056DDF3 /* Model.h */,
				CD85F63D1EA9F2720056DDF3 /* Model.m */,
			);
			name = Model;
			sourceTree = "<group>";
		};
		CD85F63F1EA9F7580056DDF3 /* Controller */ = {
			isa = PBXGroup;
			children = (
				CD85F6401EA9F7DE0056DDF3 /* hitTest */,
			);
			path = Controller;
			sourceTree = "<group>";
		};
		CD85F6401EA9F7DE0056DDF3 /* hitTest */ = {
			isa = PBXGroup;
			children = (
				CD85F6441EA9F8880056DDF3 /* View */,
				CD85F6411EA9F8290056DDF3 /* hitTestViewController.h */,
				CD85F6421EA9F8290056DDF3 /* hitTestViewController.m */,
			);
			path = hitTest;
			sourceTree = "<group>";
		};
		CD85F6441EA9F8880056DDF3 /* View */ = {
			isa = PBXGroup;
			children = (
				CD85F6451EA9F89F0056DDF3 /* ExpandHittableButton.h */,
				CD85F6461EA9F89F0056DDF3 /* ExpandHittableButton.m */,
				CD85F6471EA9F89F0056DDF3 /* ExpandHittableView.h */,
				CD85F6481EA9F89F0056DDF3 /* ExpandHittableView.m */,
			);
			path = View;
			sourceTree = "<group>";
		};
/* End PBXGroup section */

/* Begin PBXNativeTarget section */
		CD85F5FD1EA9B67E0056DDF3 /* LYG_UsefulFragments_iOS */ = {
			isa = PBXNativeTarget;
			buildConfigurationList = CD85F62B1EA9B6820056DDF3 /* Build configuration list for PBXNativeTarget "LYG_UsefulFragments_iOS" */;
			buildPhases = (
				CD85F5FA1EA9B67E0056DDF3 /* Sources */,
				CD85F5FB1EA9B67E0056DDF3 /* Frameworks */,
				CD85F5FC1EA9B67E0056DDF3 /* Resources */,
			);
			buildRules = (
			);
			dependencies = (
			);
			name = LYG_UsefulFragments_iOS;
			productName = LYG_UsefulFragments_iOS;
			productReference = CD85F5FE1EA9B67E0056DDF3 /* LYG_UsefulFragments_iOS.app */;
			productType = "com.apple.product-type.application";
		};
		CD85F6161EA9B6810056DDF3 /* LYG_UsefulFragments_iOSTests */ = {
			isa = PBXNativeTarget;
			buildConfigurationList = CD85F62E1EA9B6820056DDF3 /* Build configuration list for PBXNativeTarget "LYG_UsefulFragments_iOSTests" */;
			buildPhases = (
				CD85F6131EA9B6810056DDF3 /* Sources */,
				CD85F6141EA9B6810056DDF3 /* Frameworks */,
				CD85F6151EA9B6810056DDF3 /* Resources */,
			);
			buildRules = (
			);
			dependencies = (
				CD85F6191EA9B6810056DDF3 /* PBXTargetDependency */,
			);
			name = LYG_UsefulFragments_iOSTests;
			productName = LYG_UsefulFragments_iOSTests;
			productReference = CD85F6171EA9B6810056DDF3 /* LYG_UsefulFragments_iOSTests.xctest */;
			productType = "com.apple.product-type.bundle.unit-test";
		};
		CD85F6211EA9B6810056DDF3 /* LYG_UsefulFragments_iOSUITests */ = {
			isa = PBXNativeTarget;
			buildConfigurationList = CD85F6311EA9B6820056DDF3 /* Build configuration list for PBXNativeTarget "LYG_UsefulFragments_iOSUITests" */;
			buildPhases = (
				CD85F61E1EA9B6810056DDF3 /* Sources */,
				CD85F61F1EA9B6810056DDF3 /* Frameworks */,
				CD85F6201EA9B6810056DDF3 /* Resources */,
			);
			buildRules = (
			);
			dependencies = (
				CD85F6241EA9B6810056DDF3 /* PBXTargetDependency */,
			);
			name = LYG_UsefulFragments_iOSUITests;
			productName = LYG_UsefulFragments_iOSUITests;
			productReference = CD85F6221EA9B6810056DDF3 /* LYG_UsefulFragments_iOSUITests.xctest */;
			productType = "com.apple.product-type.bundle.ui-testing";
		};
/* End PBXNativeTarget section */

/* Begin PBXProject section */
		CD85F5F61EA9B67D0056DDF3 /* Project object */ = {
			isa = PBXProject;
			attributes = {
				LastUpgradeCheck = 0800;
				ORGANIZATIONNAME = com.me;
				TargetAttributes = {
					CD85F5FD1EA9B67E0056DDF3 = {
						CreatedOnToolsVersion = 8.0;
						ProvisioningStyle = Automatic;
					};
					CD85F6161EA9B6810056DDF3 = {
						CreatedOnToolsVersion = 8.0;
						ProvisioningStyle = Automatic;
						TestTargetID = CD85F5FD1EA9B67E0056DDF3;
					};
					CD85F6211EA9B6810056DDF3 = {
						CreatedOnToolsVersion = 8.0;
						ProvisioningStyle = Automatic;
						TestTargetID = CD85F5FD1EA9B67E0056DDF3;
					};
				};
			};
			buildConfigurationList = CD85F5F91EA9B67E0056DDF3 /* Build configuration list for PBXProject "LYG_UsefulFragments_iOS" */;
			compatibilityVersion = "Xcode 3.2";
			developmentRegion = English;
			hasScannedForEncodings = 0;
			knownRegions = (
				en,
				Base,
			);
			mainGroup = CD85F5F51EA9B67D0056DDF3;
			productRefGroup = CD85F5FF1EA9B67E0056DDF3 /* Products */;
			projectDirPath = "";
			projectRoot = "";
			targets = (
				CD85F5FD1EA9B67E0056DDF3 /* LYG_UsefulFragments_iOS */,
				CD85F6161EA9B6810056DDF3 /* LYG_UsefulFragments_iOSTests */,
				CD85F6211EA9B6810056DDF3 /* LYG_UsefulFragments_iOSUITests */,
			);
		};
/* End PBXProject section */

/* Begin PBXResourcesBuildPhase section */
		CD85F5FC1EA9B67E0056DDF3 /* Resources */ = {
			isa = PBXResourcesBuildPhase;
			buildActionMask = 2147483647;
			files = (
				CD85F6111EA9B6800056DDF3 /* LaunchScreen.storyboard in Resources */,
				CD85F60E1EA9B6800056DDF3 /* Assets.xcassets in Resources */,
				CD85F6371EA9E3E20056DDF3 /* usefulFrag.plist in Resources */,
				CD85F60C1EA9B6800056DDF3 /* Main.storyboard in Resources */,
			);
			runOnlyForDeploymentPostprocessing = 0;
		};
		CD85F6151EA9B6810056DDF3 /* Resources */ = {
			isa = PBXResourcesBuildPhase;
			buildActionMask = 2147483647;
			files = (
			);
			runOnlyForDeploymentPostprocessing = 0;
		};
		CD85F6201EA9B6810056DDF3 /* Resources */ = {
			isa = PBXResourcesBuildPhase;
			buildActionMask = 2147483647;
			files = (
			);
			runOnlyForDeploymentPostprocessing = 0;
		};
/* End PBXResourcesBuildPhase section */

/* Begin PBXSourcesBuildPhase section */
		CD85F5FA1EA9B67E0056DDF3 /* Sources */ = {
			isa = PBXSourcesBuildPhase;
			buildActionMask = 2147483647;
			files = (
				CD85F6091EA9B6800056DDF3 /* ViewController.m in Sources */,
				CD85F6431EA9F8290056DDF3 /* hitTestViewController.m in Sources */,
				CD85F6491EA9F89F0056DDF3 /* ExpandHittableButton.m in Sources */,
				CD85F64A1EA9F89F0056DDF3 /* ExpandHittableView.m in Sources */,
				CD85F6061EA9B67F0056DDF3 /* AppDelegate.m in Sources */,
				CD85F6031EA9B67F0056DDF3 /* main.m in Sources */,
				CD85F63E1EA9F2720056DDF3 /* Model.m in Sources */,
			);
			runOnlyForDeploymentPostprocessing = 0;
		};
		CD85F6131EA9B6810056DDF3 /* Sources */ = {
			isa = PBXSourcesBuildPhase;
			buildActionMask = 2147483647;
			files = (
				CD85F61C1EA9B6810056DDF3 /* LYG_UsefulFragments_iOSTests.m in Sources */,
			);
			runOnlyForDeploymentPostprocessing = 0;
		};
		CD85F61E1EA9B6810056DDF3 /* Sources */ = {
			isa = PBXSourcesBuildPhase;
			buildActionMask = 2147483647;
			files = (
				CD85F6271EA9B6810056DDF3 /* LYG_UsefulFragments_iOSUITests.m in Sources */,
			);
			runOnlyForDeploymentPostprocessing = 0;
		};
/* End PBXSourcesBuildPhase section */

/* Begin PBXTargetDependency section */
		CD85F6191EA9B6810056DDF3 /* PBXTargetDependency */ = {
			isa = PBXTargetDependency;
			target = CD85F5FD1EA9B67E0056DDF3 /* LYG_UsefulFragments_iOS */;
			targetProxy = CD85F6181EA9B6810056DDF3 /* PBXContainerItemProxy */;
		};
		CD85F6241EA9B6810056DDF3 /* PBXTargetDependency */ = {
			isa = PBXTargetDependency;
			target = CD85F5FD1EA9B67E0056DDF3 /* LYG_UsefulFragments_iOS */;
			targetProxy = CD85F6231EA9B6810056DDF3 /* PBXContainerItemProxy */;
		};
/* End PBXTargetDependency section */

/* Begin PBXVariantGroup section */
		CD85F60A1EA9B6800056DDF3 /* Main.storyboard */ = {
			isa = PBXVariantGroup;
			children = (
				CD85F60B1EA9B6800056DDF3 /* Base */,
			);
			name = Main.storyboard;
			path = ..;
			sourceTree = "<group>";
		};
		CD85F60F1EA9B6800056DDF3 /* LaunchScreen.storyboard */ = {
			isa = PBXVariantGroup;
			children = (
				CD85F6101EA9B6800056DDF3 /* Base */,
			);
			name = LaunchScreen.storyboard;
			path = ..;
			sourceTree = "<group>";
		};
/* End PBXVariantGroup section */

/* Begin XCBuildConfiguration section */
		CD85F6291EA9B6820056DDF3 /* Debug */ = {
			isa = XCBuildConfiguration;
			buildSettings = {
				ALWAYS_SEARCH_USER_PATHS = NO;
				CLANG_ANALYZER_NONNULL = YES;
				CLANG_CXX_LANGUAGE_STANDARD = "gnu++0x";
				CLANG_CXX_LIBRARY = "libc++";
				CLANG_ENABLE_MODULES = YES;
				CLANG_ENABLE_OBJC_ARC = YES;
				CLANG_WARN_BOOL_CONVERSION = YES;
				CLANG_WARN_CONSTANT_CONVERSION = YES;
				CLANG_WARN_DIRECT_OBJC_ISA_USAGE = YES_ERROR;
				CLANG_WARN_DOCUMENTATION_COMMENTS = YES;
				CLANG_WARN_EMPTY_BODY = YES;
				CLANG_WARN_ENUM_CONVERSION = YES;
				CLANG_WARN_INFINITE_RECURSION = YES;
				CLANG_WARN_INT_CONVERSION = YES;
				CLANG_WARN_OBJC_ROOT_CLASS = YES_ERROR;
				CLANG_WARN_SUSPICIOUS_MOVES = YES;
				CLANG_WARN_UNREACHABLE_CODE = YES;
				CLANG_WARN__DUPLICATE_METHOD_MATCH = YES;
				"CODE_SIGN_IDENTITY[sdk=iphoneos*]" = "iPhone Developer";
				COPY_PHASE_STRIP = NO;
				DEBUG_INFORMATION_FORMAT = dwarf;
				ENABLE_STRICT_OBJC_MSGSEND = YES;
				ENABLE_TESTABILITY = YES;
				GCC_C_LANGUAGE_STANDARD = gnu99;
				GCC_DYNAMIC_NO_PIC = NO;
				GCC_NO_COMMON_BLOCKS = YES;
				GCC_OPTIMIZATION_LEVEL = 0;
				GCC_PREPROCESSOR_DEFINITIONS = (
					"DEBUG=1",
					"$(inherited)",
				);
				GCC_WARN_64_TO_32_BIT_CONVERSION = YES;
				GCC_WARN_ABOUT_RETURN_TYPE = YES_ERROR;
				GCC_WARN_UNDECLARED_SELECTOR = YES;
				GCC_WARN_UNINITIALIZED_AUTOS = YES_AGGRESSIVE;
				GCC_WARN_UNUSED_FUNCTION = YES;
				GCC_WARN_UNUSED_VARIABLE = YES;
				IPHONEOS_DEPLOYMENT_TARGET = 10.0;
				MTL_ENABLE_DEBUG_INFO = YES;
				ONLY_ACTIVE_ARCH = YES;
				SDKROOT = iphoneos;
				TARGETED_DEVICE_FAMILY = "1,2";
			};
			name = Debug;
		};
		CD85F62A1EA9B6820056DDF3 /* Release */ = {
			isa = XCBuildConfiguration;
			buildSettings = {
				ALWAYS_SEARCH_USER_PATHS = NO;
				CLANG_ANALYZER_NONNULL = YES;
				CLANG_CXX_LANGUAGE_STANDARD = "gnu++0x";
				CLANG_CXX_LIBRARY = "libc++";
				CLANG_ENABLE_MODULES = YES;
				CLANG_ENABLE_OBJC_ARC = YES;
				CLANG_WARN_BOOL_CONVERSION = YES;
				CLANG_WARN_CONSTANT_CONVERSION = YES;
				CLANG_WARN_DIRECT_OBJC_ISA_USAGE = YES_ERROR;
				CLANG_WARN_DOCUMENTATION_COMMENTS = YES;
				CLANG_WARN_EMPTY_BODY = YES;
				CLANG_WARN_ENUM_CONVERSION = YES;
				CLANG_WARN_INFINITE_RECURSION = YES;
				CLANG_WARN_INT_CONVERSION = YES;
				CLANG_WARN_OBJC_ROOT_CLASS = YES_ERROR;
				CLANG_WARN_SUSPICIOUS_MOVES = YES;
				CLANG_WARN_UNREACHABLE_CODE = YES;
				CLANG_WARN__DUPLICATE_METHOD_MATCH = YES;
				"CODE_SIGN_IDENTITY[sdk=iphoneos*]" = "iPhone Developer";
				COPY_PHASE_STRIP = NO;
				DEBUG_INFORMATION_FORMAT = "dwarf-with-dsym";
				ENABLE_NS_ASSERTIONS = NO;
				ENABLE_STRICT_OBJC_MSGSEND = YES;
				GCC_C_LANGUAGE_STANDARD = gnu99;
				GCC_NO_COMMON_BLOCKS = YES;
				GCC_WARN_64_TO_32_BIT_CONVERSION = YES;
				GCC_WARN_ABOUT_RETURN_TYPE = YES_ERROR;
				GCC_WARN_UNDECLARED_SELECTOR = YES;
				GCC_WARN_UNINITIALIZED_AUTOS = YES_AGGRESSIVE;
				GCC_WARN_UNUSED_FUNCTION = YES;
				GCC_WARN_UNUSED_VARIABLE = YES;
				IPHONEOS_DEPLOYMENT_TARGET = 10.0;
				MTL_ENABLE_DEBUG_INFO = NO;
				SDKROOT = iphoneos;
				TARGETED_DEVICE_FAMILY = "1,2";
				VALIDATE_PRODUCT = YES;
			};
			name = Release;
		};
		CD85F62C1EA9B6820056DDF3 /* Debug */ = {
			isa = XCBuildConfiguration;
			buildSettings = {
				ASSETCATALOG_COMPILER_APPICON_NAME = AppIcon;
				INFOPLIST_FILE = LYG_UsefulFragments_iOS/Info.plist;
				LD_RUNPATH_SEARCH_PATHS = "$(inherited) @executable_path/Frameworks";
				PRODUCT_BUNDLE_IDENTIFIER = "com.me.LYG-UsefulFragments-iOS";
				PRODUCT_NAME = "$(TARGET_NAME)";
			};
			name = Debug;
		};
		CD85F62D1EA9B6820056DDF3 /* Release */ = {
			isa = XCBuildConfiguration;
			buildSettings = {
				ASSETCATALOG_COMPILER_APPICON_NAME = AppIcon;
				INFOPLIST_FILE = LYG_UsefulFragments_iOS/Info.plist;
				LD_RUNPATH_SEARCH_PATHS = "$(inherited) @executable_path/Frameworks";
				PRODUCT_BUNDLE_IDENTIFIER = "com.me.LYG-UsefulFragments-iOS";
				PRODUCT_NAME = "$(TARGET_NAME)";
			};
			name = Release;
		};
		CD85F62F1EA9B6820056DDF3 /* Debug */ = {
			isa = XCBuildConfiguration;
			buildSettings = {
				BUNDLE_LOADER = "$(TEST_HOST)";
				INFOPLIST_FILE = LYG_UsefulFragments_iOSTests/Info.plist;
				LD_RUNPATH_SEARCH_PATHS = "$(inherited) @executable_path/Frameworks @loader_path/Frameworks";
				PRODUCT_BUNDLE_IDENTIFIER = "com.me.LYG-UsefulFragments-iOSTests";
				PRODUCT_NAME = "$(TARGET_NAME)";
				TEST_HOST = "$(BUILT_PRODUCTS_DIR)/LYG_UsefulFragments_iOS.app/LYG_UsefulFragments_iOS";
			};
			name = Debug;
		};
		CD85F6301EA9B6820056DDF3 /* Release */ = {
			isa = XCBuildConfiguration;
			buildSettings = {
				BUNDLE_LOADER = "$(TEST_HOST)";
				INFOPLIST_FILE = LYG_UsefulFragments_iOSTests/Info.plist;
				LD_RUNPATH_SEARCH_PATHS = "$(inherited) @executable_path/Frameworks @loader_path/Frameworks";
				PRODUCT_BUNDLE_IDENTIFIER = "com.me.LYG-UsefulFragments-iOSTests";
				PRODUCT_NAME = "$(TARGET_NAME)";
				TEST_HOST = "$(BUILT_PRODUCTS_DIR)/LYG_UsefulFragments_iOS.app/LYG_UsefulFragments_iOS";
			};
			name = Release;
		};
		CD85F6321EA9B6820056DDF3 /* Debug */ = {
			isa = XCBuildConfiguration;
			buildSettings = {
				INFOPLIST_FILE = LYG_UsefulFragments_iOSUITests/Info.plist;
				LD_RUNPATH_SEARCH_PATHS = "$(inherited) @executable_path/Frameworks @loader_path/Frameworks";
				PRODUCT_BUNDLE_IDENTIFIER = "com.me.LYG-UsefulFragments-iOSUITests";
				PRODUCT_NAME = "$(TARGET_NAME)";
				TEST_TARGET_NAME = LYG_UsefulFragments_iOS;
			};
			name = Debug;
		};
		CD85F6331EA9B6820056DDF3 /* Release */ = {
			isa = XCBuildConfiguration;
			buildSettings = {
				INFOPLIST_FILE = LYG_UsefulFragments_iOSUITests/Info.plist;
				LD_RUNPATH_SEARCH_PATHS = "$(inherited) @executable_path/Frameworks @loader_path/Frameworks";
				PRODUCT_BUNDLE_IDENTIFIER = "com.me.LYG-UsefulFragments-iOSUITests";
				PRODUCT_NAME = "$(TARGET_NAME)";
				TEST_TARGET_NAME = LYG_UsefulFragments_iOS;
			};
			name = Release;
		};
/* End XCBuildConfiguration section */

/* Begin XCConfigurationList section */
		CD85F5F91EA9B67E0056DDF3 /* Build configuration list for PBXProject "LYG_UsefulFragments_iOS" */ = {
			isa = XCConfigurationList;
			buildConfigurations = (
				CD85F6291EA9B6820056DDF3 /* Debug */,
				CD85F62A1EA9B6820056DDF3 /* Release */,
			);
			defaultConfigurationIsVisible = 0;
			defaultConfigurationName = Release;
		};
		CD85F62B1EA9B6820056DDF3 /* Build configuration list for PBXNativeTarget "LYG_UsefulFragments_iOS" */ = {
			isa = XCConfigurationList;
			buildConfigurations = (
				CD85F62C1EA9B6820056DDF3 /* Debug */,
				CD85F62D1EA9B6820056DDF3 /* Release */,
			);
			defaultConfigurationIsVisible = 0;
		};
		CD85F62E1EA9B6820056DDF3 /* Build configuration list for PBXNativeTarget "LYG_UsefulFragments_iOSTests" */ = {
			isa = XCConfigurationList;
			buildConfigurations = (
				CD85F62F1EA9B6820056DDF3 /* Debug */,
				CD85F6301EA9B6820056DDF3 /* Release */,
			);
			defaultConfigurationIsVisible = 0;
		};
		CD85F6311EA9B6820056DDF3 /* Build configuration list for PBXNativeTarget "LYG_UsefulFragments_iOSUITests" */ = {
			isa = XCConfigurationList;
			buildConfigurations = (
				CD85F6321EA9B6820056DDF3 /* Debug */,
				CD85F6331EA9B6820056DDF3 /* Release */,
			);
			defaultConfigurationIsVisible = 0;
		};
/* End XCConfigurationList section */
	};
	rootObject = CD85F5F61EA9B67D0056DDF3 /* Project object */;
}
